
Microsoft Visual Studio Solution File, Format Version 12.00
# Visual Studio 15
VisualStudioVersion = 15.0.27130.2010
MinimumVisualStudioVersion = 10.0.40219.1
Project("{FAE04EC0-301F-11D3-BF4B-00C04F79EFBC}") = "BuildBakery", "BuildBakery\BuildBakery.csproj", "{EA1CA8D4-B168-4693-8241-664FD085B7C8}"
EndProject
Global
	GlobalSection(SolutionConfigurationPlatforms) = preSolution
		Debug|Any CPU = Debug|Any CPU
		Release|Any CPU = Release|Any CPU
	EndGlobalSection
	GlobalSection(ProjectConfigurationPlatforms) = postSolution
		{EA1CA8D4-B168-4693-8241-664FD085B7C8}.Debug|Any CPU.ActiveCfg = Debug|Any CPU
		{EA1CA8D4-B168-4693-8241-664FD085B7C8}.Debug|Any CPU.Build.0 = Debug|Any CPU
		{EA1CA8D4-B168-4693-8241-664FD085B7C8}.Release|Any CPU.ActiveCfg = Release|Any CPU
		{EA1CA8D4-B168-4693-8241-664FD085B7C8}.Release|Any CPU.Build.0 = Release|Any CPU
	EndGlobalSection
	GlobalSection(SolutionProperties) = preSolution
		HideSolutionNode = FALSE
	EndGlobalSection
	GlobalSection(ExtensibilityGlobals) = postSolution
		SolutionGuid = {C3E5FD8F-F0D7-46B1-A767-D459EA691201}
	EndGlobalSection
EndGlobal
